
Microsoft Visual Studio Solution File, Format Version 12.00
# Visual Studio 15
VisualStudioVersion = 15.0.26228.12
MinimumVisualStudioVersion = 10.0.40219.1
Project("{FAE04EC0-301F-11D3-BF4B-00C04F79EFBC}") = "BossrApi", "BossrApi\BossrApi.csproj", "{3DB3CBCB-4405-4A26-8718-0BA7FEFC01F3}"
EndProject
Project("{2150E333-8FDC-42A3-9474-1A3956D46DE8}") = "Scripts", "Scripts", "{F8347A4A-48FE-4F66-B291-62DA2E016FF7}"
	ProjectSection(SolutionItems) = preProject
		Scripts\Sprocs.sql = Scripts\Sprocs.sql
		Scripts\Tables.sql = Scripts\Tables.sql
	EndProjectSection
EndProject
Global
	GlobalSection(SolutionConfigurationPlatforms) = preSolution
		Debug|Any CPU = Debug|Any CPU
		Release|Any CPU = Release|Any CPU
	EndGlobalSection
	GlobalSection(ProjectConfigurationPlatforms) = postSolution
		{3DB3CBCB-4405-4A26-8718-0BA7FEFC01F3}.Debug|Any CPU.ActiveCfg = Debug|Any CPU
		{3DB3CBCB-4405-4A26-8718-0BA7FEFC01F3}.Debug|Any CPU.Build.0 = Debug|Any CPU
		{3DB3CBCB-4405-4A26-8718-0BA7FEFC01F3}.Release|Any CPU.ActiveCfg = Release|Any CPU
		{3DB3CBCB-4405-4A26-8718-0BA7FEFC01F3}.Release|Any CPU.Build.0 = Release|Any CPU
	EndGlobalSection
	GlobalSection(SolutionProperties) = preSolution
		HideSolutionNode = FALSE
	EndGlobalSection
EndGlobal
