
Microsoft Visual Studio Solution File, Format Version 12.00
# Visual Studio Version 16
VisualStudioVersion = 16.0.29613.14
MinimumVisualStudioVersion = 10.0.40219.1
Project("{9A19103F-16F7-4668-BE54-9A1E7A4F7556}") = "Bossr.Scraper", "Bossr.Scraper\Bossr.Scraper.csproj", "{0F36E99D-921D-4E85-9886-5F1B979C9591}"
EndProject
Project("{9A19103F-16F7-4668-BE54-9A1E7A4F7556}") = "Bossr.Lib", "..\Bossr.Lib\Bossr.Lib\Bossr.Lib.csproj", "{2F1C5F6F-019E-455B-BB25-B9EA4EA5E9F0}"
EndProject
Global
	GlobalSection(SolutionConfigurationPlatforms) = preSolution
		Debug|Any CPU = Debug|Any CPU
		Release|Any CPU = Release|Any CPU
	EndGlobalSection
	GlobalSection(ProjectConfigurationPlatforms) = postSolution
		{0F36E99D-921D-4E85-9886-5F1B979C9591}.Debug|Any CPU.ActiveCfg = Debug|Any CPU
		{0F36E99D-921D-4E85-9886-5F1B979C9591}.Debug|Any CPU.Build.0 = Debug|Any CPU
		{0F36E99D-921D-4E85-9886-5F1B979C9591}.Release|Any CPU.ActiveCfg = Release|Any CPU
		{0F36E99D-921D-4E85-9886-5F1B979C9591}.Release|Any CPU.Build.0 = Release|Any CPU
		{2F1C5F6F-019E-455B-BB25-B9EA4EA5E9F0}.Debug|Any CPU.ActiveCfg = Debug|Any CPU
		{2F1C5F6F-019E-455B-BB25-B9EA4EA5E9F0}.Debug|Any CPU.Build.0 = Debug|Any CPU
		{2F1C5F6F-019E-455B-BB25-B9EA4EA5E9F0}.Release|Any CPU.ActiveCfg = Release|Any CPU
		{2F1C5F6F-019E-455B-BB25-B9EA4EA5E9F0}.Release|Any CPU.Build.0 = Release|Any CPU
	EndGlobalSection
	GlobalSection(SolutionProperties) = preSolution
		HideSolutionNode = FALSE
	EndGlobalSection
	GlobalSection(ExtensibilityGlobals) = postSolution
		SolutionGuid = {FD3A5B1D-C1EA-484D-9450-D2C5C92FD244}
	EndGlobalSection
EndGlobal
